
Microsoft Visual Studio Solution File, Format Version 12.00
# Visual Studio Version 17
VisualStudioVersion = 17.9.34723.18
MinimumVisualStudioVersion = 10.0.40219.1
Project("{FAE04EC0-301F-11D3-BF4B-00C04F79EFBC}") = "ModelValidationsExample", "ModelValidationsExample\ModelValidationsExample.csproj", "{16223F8D-0851-472A-9885-C38049014DED}"
EndProject
Global
	GlobalSection(SolutionConfigurationPlatforms) = preSolution
		Debug|Any CPU = Debug|Any CPU
		Release|Any CPU = Release|Any CPU
	EndGlobalSection
	GlobalSection(ProjectConfigurationPlatforms) = postSolution
		{16223F8D-0851-472A-9885-C38049014DED}.Debug|Any CPU.ActiveCfg = Debug|Any CPU
		{16223F8D-0851-472A-9885-C38049014DED}.Debug|Any CPU.Build.0 = Debug|Any CPU
		{16223F8D-0851-472A-9885-C38049014DED}.Release|Any CPU.ActiveCfg = Release|Any CPU
		{16223F8D-0851-472A-9885-C38049014DED}.Release|Any CPU.Build.0 = Release|Any CPU
	EndGlobalSection
	GlobalSection(SolutionProperties) = preSolution
		HideSolutionNode = FALSE
	EndGlobalSection
	GlobalSection(ExtensibilityGlobals) = postSolution
		SolutionGuid = {ECA0AB1F-D01C-4B91-89F3-08AB337084E4}
	EndGlobalSection
EndGlobal
